
Microsoft Visual Studio Solution File, Format Version 12.00
# Visual Studio Version 16
VisualStudioVersion = 16.0.31112.23
MinimumVisualStudioVersion = 10.0.40219.1
Project("{8BC9CEB8-8B4A-11D0-8D11-00A0C91BC942}") = "Annihilargh", "Annihilargh\Annihilargh.vcxproj", "{A307CA15-0389-42BE-8834-6A17488D097C}"
EndProject
Global
	GlobalSection(SolutionConfigurationPlatforms) = preSolution
		Debug|Any CPU = Debug|Any CPU
		Debug|x64 = Debug|x64
		Release|Any CPU = Release|Any CPU
		Release|x64 = Release|x64
	EndGlobalSection
	GlobalSection(ProjectConfigurationPlatforms) = postSolution
		{A307CA15-0389-42BE-8834-6A17488D097C}.Debug|Any CPU.ActiveCfg = Debug|x64
		{A307CA15-0389-42BE-8834-6A17488D097C}.Debug|Any CPU.Build.0 = Debug|x64
		{A307CA15-0389-42BE-8834-6A17488D097C}.Debug|x64.ActiveCfg = Debug|x64
		{A307CA15-0389-42BE-8834-6A17488D097C}.Debug|x64.Build.0 = Debug|x64
		{A307CA15-0389-42BE-8834-6A17488D097C}.Release|Any CPU.ActiveCfg = Release|x64
		{A307CA15-0389-42BE-8834-6A17488D097C}.Release|Any CPU.Build.0 = Release|x64
		{A307CA15-0389-42BE-8834-6A17488D097C}.Release|x64.ActiveCfg = Release|x64
		{A307CA15-0389-42BE-8834-6A17488D097C}.Release|x64.Build.0 = Release|x64
	EndGlobalSection
	GlobalSection(SolutionProperties) = preSolution
		HideSolutionNode = FALSE
	EndGlobalSection
	GlobalSection(ExtensibilityGlobals) = postSolution
		SolutionGuid = {CF973D19-E219-4FD8-8B15-525B57AF97A6}
	EndGlobalSection
EndGlobal
